
Microsoft Visual Studio Solution File, Format Version 12.00
# Visual Studio 14
VisualStudioVersion = 14.0.25420.1
MinimumVisualStudioVersion = 10.0.40219.1
Project("{FAE04EC0-301F-11D3-BF4B-00C04F79EFBC}") = "MyFinance.Domain", "MyFinance.Domain\MyFinance.Domain.csproj", "{2CC93524-34FD-4E4B-A010-256C37554DE5}"
EndProject
Project("{FAE04EC0-301F-11D3-BF4B-00C04F79EFBC}") = "MyFinance.Service", "MyFinance.Service\MyFinance.Service.csproj", "{32E13BF2-5FC4-483D-8F47-A8EE638EDA8B}"
EndProject
Project("{FAE04EC0-301F-11D3-BF4B-00C04F79EFBC}") = "MyFinance.Data", "MyFinance.Data\MyFinance.Data.csproj", "{D9A5EF88-0D3D-4314-A540-8F417FCEF2C3}"
EndProject
Project("{FAE04EC0-301F-11D3-BF4B-00C04F79EFBC}") = "MyFinance.Console", "MyFinance.Console\MyFinance.Console.csproj", "{55774011-B41A-4368-9D45-2F39F5E19CF4}"
EndProject
Global
	GlobalSection(SolutionConfigurationPlatforms) = preSolution
		Debug|Any CPU = Debug|Any CPU
		Release|Any CPU = Release|Any CPU
	EndGlobalSection
	GlobalSection(ProjectConfigurationPlatforms) = postSolution
		{2CC93524-34FD-4E4B-A010-256C37554DE5}.Debug|Any CPU.ActiveCfg = Debug|Any CPU
		{2CC93524-34FD-4E4B-A010-256C37554DE5}.Debug|Any CPU.Build.0 = Debug|Any CPU
		{2CC93524-34FD-4E4B-A010-256C37554DE5}.Release|Any CPU.ActiveCfg = Release|Any CPU
		{2CC93524-34FD-4E4B-A010-256C37554DE5}.Release|Any CPU.Build.0 = Release|Any CPU
		{32E13BF2-5FC4-483D-8F47-A8EE638EDA8B}.Debug|Any CPU.ActiveCfg = Debug|Any CPU
		{32E13BF2-5FC4-483D-8F47-A8EE638EDA8B}.Debug|Any CPU.Build.0 = Debug|Any CPU
		{32E13BF2-5FC4-483D-8F47-A8EE638EDA8B}.Release|Any CPU.ActiveCfg = Release|Any CPU
		{32E13BF2-5FC4-483D-8F47-A8EE638EDA8B}.Release|Any CPU.Build.0 = Release|Any CPU
		{D9A5EF88-0D3D-4314-A540-8F417FCEF2C3}.Debug|Any CPU.ActiveCfg = Debug|Any CPU
		{D9A5EF88-0D3D-4314-A540-8F417FCEF2C3}.Debug|Any CPU.Build.0 = Debug|Any CPU
		{D9A5EF88-0D3D-4314-A540-8F417FCEF2C3}.Release|Any CPU.ActiveCfg = Release|Any CPU
		{D9A5EF88-0D3D-4314-A540-8F417FCEF2C3}.Release|Any CPU.Build.0 = Release|Any CPU
		{55774011-B41A-4368-9D45-2F39F5E19CF4}.Debug|Any CPU.ActiveCfg = Debug|Any CPU
		{55774011-B41A-4368-9D45-2F39F5E19CF4}.Debug|Any CPU.Build.0 = Debug|Any CPU
		{55774011-B41A-4368-9D45-2F39F5E19CF4}.Release|Any CPU.ActiveCfg = Release|Any CPU
		{55774011-B41A-4368-9D45-2F39F5E19CF4}.Release|Any CPU.Build.0 = Release|Any CPU
	EndGlobalSection
	GlobalSection(SolutionProperties) = preSolution
		HideSolutionNode = FALSE
	EndGlobalSection
EndGlobal
